Microsoft Visual Studio Solution File, Format Version 12.00
# Visual Studio 2012
Project("{FAE04EC0-301F-11D3-BF4B-00C04F79EFBC}") = "RestraintKnight", "RestraintKnight.csproj", "{4BAB53F8-F61A-4D73-A49C-CAF77287976C}"
EndProject
Global
	GlobalSection(SolutionConfigurationPlatforms) = preSolution
	Debug|Any CPU = Debug|Any CPU
	ExportDebug|Any CPU = ExportDebug|Any CPU
	ExportRelease|Any CPU = ExportRelease|Any CPU
	EndGlobalSection
	GlobalSection(ProjectConfigurationPlatforms) = postSolution
		{4BAB53F8-F61A-4D73-A49C-CAF77287976C}.Debug|Any CPU.ActiveCfg = Debug|Any CPU
		{4BAB53F8-F61A-4D73-A49C-CAF77287976C}.Debug|Any CPU.Build.0 = Debug|Any CPU
		{4BAB53F8-F61A-4D73-A49C-CAF77287976C}.ExportDebug|Any CPU.ActiveCfg = ExportDebug|Any CPU
		{4BAB53F8-F61A-4D73-A49C-CAF77287976C}.ExportDebug|Any CPU.Build.0 = ExportDebug|Any CPU
		{4BAB53F8-F61A-4D73-A49C-CAF77287976C}.ExportRelease|Any CPU.ActiveCfg = ExportRelease|Any CPU
		{4BAB53F8-F61A-4D73-A49C-CAF77287976C}.ExportRelease|Any CPU.Build.0 = ExportRelease|Any CPU
	EndGlobalSection
EndGlobal
